
Microsoft Visual Studio Solution File, Format Version 12.00
# Visual Studio Version 16
VisualStudioVersion = 25.0.1703.8
MinimumVisualStudioVersion = 10.0.40219.1
Project("{FAE04EC0-301F-11D3-BF4B-00C04F79EFBC}") = "WeatherApi", "WeatherApi\WeatherApi.csproj", "{54D3924C-2E44-4A66-A6CB-D2BBD08A30D4}"
EndProject
Project("{FAE04EC0-301F-11D3-BF4B-00C04F79EFBC}") = "WeatherApi.Tests", "WeatherApi.Tests\WeatherApi.Tests.csproj", "{F97A8333-8ADB-4575-BF00-F0E376D68ABB}"
EndProject
Global
	GlobalSection(SolutionConfigurationPlatforms) = preSolution
		Debug|Any CPU = Debug|Any CPU
		Release|Any CPU = Release|Any CPU
	EndGlobalSection
	GlobalSection(ProjectConfigurationPlatforms) = postSolution
		{54D3924C-2E44-4A66-A6CB-D2BBD08A30D4}.Debug|Any CPU.ActiveCfg = Debug|Any CPU
		{54D3924C-2E44-4A66-A6CB-D2BBD08A30D4}.Debug|Any CPU.Build.0 = Debug|Any CPU
		{54D3924C-2E44-4A66-A6CB-D2BBD08A30D4}.Release|Any CPU.ActiveCfg = Release|Any CPU
		{54D3924C-2E44-4A66-A6CB-D2BBD08A30D4}.Release|Any CPU.Build.0 = Release|Any CPU
		{F97A8333-8ADB-4575-BF00-F0E376D68ABB}.Debug|Any CPU.ActiveCfg = Debug|Any CPU
		{F97A8333-8ADB-4575-BF00-F0E376D68ABB}.Debug|Any CPU.Build.0 = Debug|Any CPU
		{F97A8333-8ADB-4575-BF00-F0E376D68ABB}.Release|Any CPU.ActiveCfg = Release|Any CPU
		{F97A8333-8ADB-4575-BF00-F0E376D68ABB}.Release|Any CPU.Build.0 = Release|Any CPU
	EndGlobalSection
	GlobalSection(SolutionProperties) = preSolution
		HideSolutionNode = FALSE
	EndGlobalSection
	GlobalSection(ExtensibilityGlobals) = postSolution
		SolutionGuid = {68147CCE-9402-43FB-806B-305C49EE955F}
	EndGlobalSection
EndGlobal
